
Microsoft Visual Studio Solution File, Format Version 12.00
# Visual Studio Version 17
VisualStudioVersion = 17.3.32811.315
MinimumVisualStudioVersion = 10.0.40219.1
Project("{9A19103F-16F7-4668-BE54-9A1E7A4F7556}") = "MyWebSite", "MyWebSite\MyWebSite.csproj", "{CE05C625-52ED-422A-AAAC-C4BC7A021278}"
EndProject
Project("{E53339B2-1760-4266-BCC7-CA923CBCF16C}") = "docker-compose", "docker-compose.dcproj", "{5FD335B3-5D31-48B7-833F-E828DAB3BF6F}"
EndProject
Global
	GlobalSection(SolutionConfigurationPlatforms) = preSolution
		Debug|Any CPU = Debug|Any CPU
		Release|Any CPU = Release|Any CPU
	EndGlobalSection
	GlobalSection(ProjectConfigurationPlatforms) = postSolution
		{CE05C625-52ED-422A-AAAC-C4BC7A021278}.Debug|Any CPU.ActiveCfg = Debug|Any CPU
		{CE05C625-52ED-422A-AAAC-C4BC7A021278}.Debug|Any CPU.Build.0 = Debug|Any CPU
		{CE05C625-52ED-422A-AAAC-C4BC7A021278}.Release|Any CPU.ActiveCfg = Release|Any CPU
		{CE05C625-52ED-422A-AAAC-C4BC7A021278}.Release|Any CPU.Build.0 = Release|Any CPU
		{5FD335B3-5D31-48B7-833F-E828DAB3BF6F}.Debug|Any CPU.ActiveCfg = Debug|Any CPU
		{5FD335B3-5D31-48B7-833F-E828DAB3BF6F}.Debug|Any CPU.Build.0 = Debug|Any CPU
		{5FD335B3-5D31-48B7-833F-E828DAB3BF6F}.Release|Any CPU.ActiveCfg = Release|Any CPU
		{5FD335B3-5D31-48B7-833F-E828DAB3BF6F}.Release|Any CPU.Build.0 = Release|Any CPU
	EndGlobalSection
	GlobalSection(SolutionProperties) = preSolution
		HideSolutionNode = FALSE
	EndGlobalSection
	GlobalSection(ExtensibilityGlobals) = postSolution
		SolutionGuid = {8EE40521-6B59-48C0-8846-DCC1F3556AB6}
	EndGlobalSection
EndGlobal
